
Microsoft Visual Studio Solution File, Format Version 12.00
# Visual Studio Version 17
VisualStudioVersion = 17.13.35931.197
MinimumVisualStudioVersion = 10.0.40219.1
Project("{E53339B2-1760-4266-BCC7-CA923CBCF16C}") = "docker-compose", "docker-compose.dcproj", "{81DDED9D-158B-E303-5F62-77A2896D2A5A}"
EndProject
Project("{FAE04EC0-301F-11D3-BF4B-00C04F79EFBC}") = "FiapCloudGames.Usuarios.API", "src\FiapCloudGames.Usuarios.API\FiapCloudGames.Usuarios.API.csproj", "{B26E9D8F-37D0-E3FE-98FC-D10A4366E74E}"
EndProject
Project("{FAE04EC0-301F-11D3-BF4B-00C04F79EFBC}") = "FiapCloudGames.Usuarios.Core", "src\FiapCloudGames.Usuarios.Core\FiapCloudGames.Usuarios.Core.csproj", "{FAA0AFDF-C535-244A-AE2D-0EF3238522C4}"
EndProject
Project("{FAE04EC0-301F-11D3-BF4B-00C04F79EFBC}") = "FiapCloudGames.Usuarios.Infra", "src\FiapCloudGames.Usuarios.Infra\FiapCloudGames.Usuarios.Infra.csproj", "{7763F3FD-A32E-5495-4375-FC331209003F}"
EndProject
Global
	GlobalSection(SolutionConfigurationPlatforms) = preSolution
		Debug|Any CPU = Debug|Any CPU
		Release|Any CPU = Release|Any CPU
	EndGlobalSection
	GlobalSection(ProjectConfigurationPlatforms) = postSolution
		{81DDED9D-158B-E303-5F62-77A2896D2A5A}.Debug|Any CPU.ActiveCfg = Debug|Any CPU
		{81DDED9D-158B-E303-5F62-77A2896D2A5A}.Debug|Any CPU.Build.0 = Debug|Any CPU
		{81DDED9D-158B-E303-5F62-77A2896D2A5A}.Release|Any CPU.ActiveCfg = Release|Any CPU
		{81DDED9D-158B-E303-5F62-77A2896D2A5A}.Release|Any CPU.Build.0 = Release|Any CPU
		{B26E9D8F-37D0-E3FE-98FC-D10A4366E74E}.Debug|Any CPU.ActiveCfg = Debug|Any CPU
		{B26E9D8F-37D0-E3FE-98FC-D10A4366E74E}.Debug|Any CPU.Build.0 = Debug|Any CPU
		{B26E9D8F-37D0-E3FE-98FC-D10A4366E74E}.Release|Any CPU.ActiveCfg = Release|Any CPU
		{B26E9D8F-37D0-E3FE-98FC-D10A4366E74E}.Release|Any CPU.Build.0 = Release|Any CPU
		{FAA0AFDF-C535-244A-AE2D-0EF3238522C4}.Debug|Any CPU.ActiveCfg = Debug|Any CPU
		{FAA0AFDF-C535-244A-AE2D-0EF3238522C4}.Debug|Any CPU.Build.0 = Debug|Any CPU
		{FAA0AFDF-C535-244A-AE2D-0EF3238522C4}.Release|Any CPU.ActiveCfg = Release|Any CPU
		{FAA0AFDF-C535-244A-AE2D-0EF3238522C4}.Release|Any CPU.Build.0 = Release|Any CPU
		{7763F3FD-A32E-5495-4375-FC331209003F}.Debug|Any CPU.ActiveCfg = Debug|Any CPU
		{7763F3FD-A32E-5495-4375-FC331209003F}.Debug|Any CPU.Build.0 = Debug|Any CPU
		{7763F3FD-A32E-5495-4375-FC331209003F}.Release|Any CPU.ActiveCfg = Release|Any CPU
		{7763F3FD-A32E-5495-4375-FC331209003F}.Release|Any CPU.Build.0 = Release|Any CPU
	EndGlobalSection
	GlobalSection(SolutionProperties) = preSolution
		HideSolutionNode = FALSE
	EndGlobalSection
	GlobalSection(ExtensibilityGlobals) = postSolution
		SolutionGuid = {9438B1C4-F89A-4ED5-B130-0AA4865E5DDA}
	EndGlobalSection
EndGlobal
